
Microsoft Visual Studio Solution File, Format Version 12.00
# Visual Studio Version 17
VisualStudioVersion = 17.3.32929.385
MinimumVisualStudioVersion = 10.0.40219.1
Project("{FAE04EC0-301F-11D3-BF4B-00C04F79EFBC}") = "ContactPro", "ContactPro\ContactPro.csproj", "{CCD5FE8D-9E6B-45A7-B385-75101435AAA0}"
EndProject
Global
	GlobalSection(SolutionConfigurationPlatforms) = preSolution
		Debug|Any CPU = Debug|Any CPU
		Release|Any CPU = Release|Any CPU
	EndGlobalSection
	GlobalSection(ProjectConfigurationPlatforms) = postSolution
		{CCD5FE8D-9E6B-45A7-B385-75101435AAA0}.Debug|Any CPU.ActiveCfg = Debug|Any CPU
		{CCD5FE8D-9E6B-45A7-B385-75101435AAA0}.Debug|Any CPU.Build.0 = Debug|Any CPU
		{CCD5FE8D-9E6B-45A7-B385-75101435AAA0}.Release|Any CPU.ActiveCfg = Release|Any CPU
		{CCD5FE8D-9E6B-45A7-B385-75101435AAA0}.Release|Any CPU.Build.0 = Release|Any CPU
	EndGlobalSection
	GlobalSection(SolutionProperties) = preSolution
		HideSolutionNode = FALSE
	EndGlobalSection
	GlobalSection(ExtensibilityGlobals) = postSolution
		SolutionGuid = {5A9555A1-5675-4D74-B30E-865FA2C00DC0}
	EndGlobalSection
EndGlobal
